Microsoft Visual Studio Solution File, Format Version 12.00
# Visual Studio Version 17
VisualStudioVersion = 17.5.2.0
MinimumVisualStudioVersion = 10.0.40219.1
Project("{FAE04EC0-301F-11D3-BF4B-00C04F79EFBC}") = "OstukorvApp", "OstukorvApp.csproj", "{6ED62242-B38E-3954-3D8F-9312B9CF8C63}"
EndProject
Global
	GlobalSection(SolutionConfigurationPlatforms) = preSolution
		Debug|Any CPU = Debug|Any CPU
		Release|Any CPU = Release|Any CPU
	EndGlobalSection
	GlobalSection(ProjectConfigurationPlatforms) = postSolution
		{6ED62242-B38E-3954-3D8F-9312B9CF8C63}.Debug|Any CPU.ActiveCfg = Debug|Any CPU
		{6ED62242-B38E-3954-3D8F-9312B9CF8C63}.Debug|Any CPU.Build.0 = Debug|Any CPU
		{6ED62242-B38E-3954-3D8F-9312B9CF8C63}.Release|Any CPU.ActiveCfg = Release|Any CPU
		{6ED62242-B38E-3954-3D8F-9312B9CF8C63}.Release|Any CPU.Build.0 = Release|Any CPU
	EndGlobalSection
	GlobalSection(SolutionProperties) = preSolution
		HideSolutionNode = FALSE
	EndGlobalSection
	GlobalSection(ExtensibilityGlobals) = postSolution
		SolutionGuid = {7358A576-EF60-435F-ACD6-CCF9B5400C63}
	EndGlobalSection
EndGlobal
